
Microsoft Visual Studio Solution File, Format Version 12.00
# Visual Studio Version 16
VisualStudioVersion = 16.0.29926.136
MinimumVisualStudioVersion = 10.0.40219.1
Project("{888888A0-9F3D-457C-B088-3A5042F75D52}") = "Python File opening", "Python File opening.pyproj", "{B50345BA-9492-41F6-89B5-4DC492898EFE}"
EndProject
Global
	GlobalSection(SolutionConfigurationPlatforms) = preSolution
		Debug|Any CPU = Debug|Any CPU
		Release|Any CPU = Release|Any CPU
	EndGlobalSection
	GlobalSection(ProjectConfigurationPlatforms) = postSolution
		{B50345BA-9492-41F6-89B5-4DC492898EFE}.Debug|Any CPU.ActiveCfg = Debug|Any CPU
		{B50345BA-9492-41F6-89B5-4DC492898EFE}.Release|Any CPU.ActiveCfg = Release|Any CPU
	EndGlobalSection
	GlobalSection(SolutionProperties) = preSolution
		HideSolutionNode = FALSE
	EndGlobalSection
	GlobalSection(ExtensibilityGlobals) = postSolution
		SolutionGuid = {ABD566A7-2B4F-44C9-88B1-16BA126331E4}
	EndGlobalSection
EndGlobal
