
Microsoft Visual Studio Solution File, Format Version 12.00
# Visual Studio Version 16
VisualStudioVersion = 16.0.30002.166
MinimumVisualStudioVersion = 10.0.40219.1
Project("{888888A0-9F3D-457C-B088-3A5042F75D52}") = "Python code 2", "Python code 2.pyproj", "{0160F11F-8D4D-4EE7-8AD2-A3BD941AF1B4}"
EndProject
Global
	GlobalSection(SolutionConfigurationPlatforms) = preSolution
		Debug|Any CPU = Debug|Any CPU
		Release|Any CPU = Release|Any CPU
	EndGlobalSection
	GlobalSection(ProjectConfigurationPlatforms) = postSolution
		{0160F11F-8D4D-4EE7-8AD2-A3BD941AF1B4}.Debug|Any CPU.ActiveCfg = Debug|Any CPU
		{0160F11F-8D4D-4EE7-8AD2-A3BD941AF1B4}.Release|Any CPU.ActiveCfg = Release|Any CPU
	EndGlobalSection
	GlobalSection(SolutionProperties) = preSolution
		HideSolutionNode = FALSE
	EndGlobalSection
	GlobalSection(ExtensibilityGlobals) = postSolution
		SolutionGuid = {682E6415-5EA4-4B75-BF07-D730D37F7FE8}
	EndGlobalSection
EndGlobal
